
Microsoft Visual Studio Solution File, Format Version 12.00
# Visual Studio 15
VisualStudioVersion = 15.0.27130.2003
MinimumVisualStudioVersion = 10.0.40219.1
Project("{888888A0-9F3D-457C-B088-3A5042F75D52}") = "readImage", "readImage\readImage.pyproj", "{C7F5EBBA-8BF2-4DBF-9DC9-DFB90FE54AA0}"
EndProject
Project("{888888A0-9F3D-457C-B088-3A5042F75D52}") = "usingMatplotlib", "usingMatplotlib\usingMatplotlib.pyproj", "{67642919-C24C-460B-B00A-F086D051F88F}"
EndProject
Project("{888888A0-9F3D-457C-B088-3A5042F75D52}") = "captureVideoFromCamera", "captureVideoFromCamera\captureVideoFromCamera.pyproj", "{9D6D3BD2-7CDC-424A-BC40-78C32A0300D7}"
EndProject
Project("{888888A0-9F3D-457C-B088-3A5042F75D52}") = "playVideo", "playVideo\playVideo.pyproj", "{053FE1B8-DDAE-4663-A218-2FA3FEBA59B7}"
EndProject
Global
	GlobalSection(SolutionConfigurationPlatforms) = preSolution
		Debug|Any CPU = Debug|Any CPU
		Release|Any CPU = Release|Any CPU
	EndGlobalSection
	GlobalSection(ProjectConfigurationPlatforms) = postSolution
		{C7F5EBBA-8BF2-4DBF-9DC9-DFB90FE54AA0}.Debug|Any CPU.ActiveCfg = Debug|Any CPU
		{C7F5EBBA-8BF2-4DBF-9DC9-DFB90FE54AA0}.Release|Any CPU.ActiveCfg = Release|Any CPU
		{67642919-C24C-460B-B00A-F086D051F88F}.Debug|Any CPU.ActiveCfg = Debug|Any CPU
		{67642919-C24C-460B-B00A-F086D051F88F}.Release|Any CPU.ActiveCfg = Release|Any CPU
		{9D6D3BD2-7CDC-424A-BC40-78C32A0300D7}.Debug|Any CPU.ActiveCfg = Debug|Any CPU
		{9D6D3BD2-7CDC-424A-BC40-78C32A0300D7}.Release|Any CPU.ActiveCfg = Release|Any CPU
		{053FE1B8-DDAE-4663-A218-2FA3FEBA59B7}.Debug|Any CPU.ActiveCfg = Debug|Any CPU
		{053FE1B8-DDAE-4663-A218-2FA3FEBA59B7}.Release|Any CPU.ActiveCfg = Release|Any CPU
	EndGlobalSection
	GlobalSection(SolutionProperties) = preSolution
		HideSolutionNode = FALSE
	EndGlobalSection
	GlobalSection(ExtensibilityGlobals) = postSolution
		SolutionGuid = {7603C385-604C-4E8F-AF6E-7C2D7786A6EB}
	EndGlobalSection
EndGlobal
